
Microsoft Visual Studio Solution File, Format Version 12.00
# Visual Studio Version 16
VisualStudioVersion = 16.0.30907.101
MinimumVisualStudioVersion = 10.0.40219.1
Project("{9A19103F-16F7-4668-BE54-9A1E7A4F7556}") = "WorklogDomain", "WorklogDomain\WorklogDomain.csproj", "{A40F9DB1-9152-4769-83DE-239B53D4F7DC}"
EndProject
Project("{9A19103F-16F7-4668-BE54-9A1E7A4F7556}") = "WorklogStorage", "WorklogStorage\WorklogStorage.csproj", "{DC91F16F-D042-4679-A38E-107320519982}"
EndProject
Project("{2150E333-8FDC-42A3-9474-1A3956D46DE8}") = "Test", "Test", "{E8E9AFE0-FCD9-492C-93B7-44344F3C4C04}"
EndProject
Project("{9A19103F-16F7-4668-BE54-9A1E7A4F7556}") = "ConsoleTest", "ConsoleTest\ConsoleTest.csproj", "{12B0F686-E9D8-49C7-BBA1-4E22235AAF58}"
EndProject
Project("{FAE04EC0-301F-11D3-BF4B-00C04F79EFBC}") = "WorklogWebAssembly.Server", "WorklogWebAssembly\Server\WorklogWebAssembly.Server.csproj", "{BEA961BF-2893-40D6-B7CB-B15250003998}"
EndProject
Project("{FAE04EC0-301F-11D3-BF4B-00C04F79EFBC}") = "WorklogWebAssembly.Client", "WorklogWebAssembly\Client\WorklogWebAssembly.Client.csproj", "{D77337AE-AC45-43D4-B7A0-A3EBC9520E67}"
EndProject
Project("{FAE04EC0-301F-11D3-BF4B-00C04F79EFBC}") = "WorklogWebAssembly.Shared", "WorklogWebAssembly\Shared\WorklogWebAssembly.Shared.csproj", "{A5272F84-E0CC-4F3A-B460-79D18E90097F}"
EndProject
Project("{2150E333-8FDC-42A3-9474-1A3956D46DE8}") = "WebApp", "WebApp", "{ABC464C8-DDE3-489E-BF5C-86D4CE1AB0EC}"
EndProject
Global
	GlobalSection(SolutionConfigurationPlatforms) = preSolution
		Debug|Any CPU = Debug|Any CPU
		Release|Any CPU = Release|Any CPU
	EndGlobalSection
	GlobalSection(ProjectConfigurationPlatforms) = postSolution
		{A40F9DB1-9152-4769-83DE-239B53D4F7DC}.Debug|Any CPU.ActiveCfg = Debug|Any CPU
		{A40F9DB1-9152-4769-83DE-239B53D4F7DC}.Debug|Any CPU.Build.0 = Debug|Any CPU
		{A40F9DB1-9152-4769-83DE-239B53D4F7DC}.Release|Any CPU.ActiveCfg = Release|Any CPU
		{A40F9DB1-9152-4769-83DE-239B53D4F7DC}.Release|Any CPU.Build.0 = Release|Any CPU
		{DC91F16F-D042-4679-A38E-107320519982}.Debug|Any CPU.ActiveCfg = Debug|Any CPU
		{DC91F16F-D042-4679-A38E-107320519982}.Debug|Any CPU.Build.0 = Debug|Any CPU
		{DC91F16F-D042-4679-A38E-107320519982}.Release|Any CPU.ActiveCfg = Release|Any CPU
		{DC91F16F-D042-4679-A38E-107320519982}.Release|Any CPU.Build.0 = Release|Any CPU
		{12B0F686-E9D8-49C7-BBA1-4E22235AAF58}.Debug|Any CPU.ActiveCfg = Debug|Any CPU
		{12B0F686-E9D8-49C7-BBA1-4E22235AAF58}.Debug|Any CPU.Build.0 = Debug|Any CPU
		{12B0F686-E9D8-49C7-BBA1-4E22235AAF58}.Release|Any CPU.ActiveCfg = Release|Any CPU
		{12B0F686-E9D8-49C7-BBA1-4E22235AAF58}.Release|Any CPU.Build.0 = Release|Any CPU
		{BEA961BF-2893-40D6-B7CB-B15250003998}.Debug|Any CPU.ActiveCfg = Debug|Any CPU
		{BEA961BF-2893-40D6-B7CB-B15250003998}.Debug|Any CPU.Build.0 = Debug|Any CPU
		{BEA961BF-2893-40D6-B7CB-B15250003998}.Release|Any CPU.ActiveCfg = Release|Any CPU
		{BEA961BF-2893-40D6-B7CB-B15250003998}.Release|Any CPU.Build.0 = Release|Any CPU
		{D77337AE-AC45-43D4-B7A0-A3EBC9520E67}.Debug|Any CPU.ActiveCfg = Debug|Any CPU
		{D77337AE-AC45-43D4-B7A0-A3EBC9520E67}.Debug|Any CPU.Build.0 = Debug|Any CPU
		{D77337AE-AC45-43D4-B7A0-A3EBC9520E67}.Release|Any CPU.ActiveCfg = Release|Any CPU
		{D77337AE-AC45-43D4-B7A0-A3EBC9520E67}.Release|Any CPU.Build.0 = Release|Any CPU
		{A5272F84-E0CC-4F3A-B460-79D18E90097F}.Debug|Any CPU.ActiveCfg = Debug|Any CPU
		{A5272F84-E0CC-4F3A-B460-79D18E90097F}.Debug|Any CPU.Build.0 = Debug|Any CPU
		{A5272F84-E0CC-4F3A-B460-79D18E90097F}.Release|Any CPU.ActiveCfg = Release|Any CPU
		{A5272F84-E0CC-4F3A-B460-79D18E90097F}.Release|Any CPU.Build.0 = Release|Any CPU
	EndGlobalSection
	GlobalSection(SolutionProperties) = preSolution
		HideSolutionNode = FALSE
	EndGlobalSection
	GlobalSection(NestedProjects) = preSolution
		{12B0F686-E9D8-49C7-BBA1-4E22235AAF58} = {E8E9AFE0-FCD9-492C-93B7-44344F3C4C04}
		{BEA961BF-2893-40D6-B7CB-B15250003998} = {ABC464C8-DDE3-489E-BF5C-86D4CE1AB0EC}
		{D77337AE-AC45-43D4-B7A0-A3EBC9520E67} = {ABC464C8-DDE3-489E-BF5C-86D4CE1AB0EC}
		{A5272F84-E0CC-4F3A-B460-79D18E90097F} = {ABC464C8-DDE3-489E-BF5C-86D4CE1AB0EC}
	EndGlobalSection
	GlobalSection(ExtensibilityGlobals) = postSolution
		SolutionGuid = {0C68B37E-C68B-45DB-AB72-F0C13AD6AF62}
	EndGlobalSection
EndGlobal
